
Microsoft Visual Studio Solution File, Format Version 12.00
# Visual Studio Version 17
VisualStudioVersion = 17.4.33205.214
MinimumVisualStudioVersion = 10.0.40219.1
Project("{FAE04EC0-301F-11D3-BF4B-00C04F79EFBC}") = "Turkuaz_WebAPI", "Turkuaz_WebAPI\Turkuaz_WebAPI.csproj", "{810522CF-5AF7-4ACD-9948-C0DA70C78299}"
EndProject
Global
	GlobalSection(SolutionConfigurationPlatforms) = preSolution
		Debug|Any CPU = Debug|Any CPU
		Release|Any CPU = Release|Any CPU
	EndGlobalSection
	GlobalSection(ProjectConfigurationPlatforms) = postSolution
		{810522CF-5AF7-4ACD-9948-C0DA70C78299}.Debug|Any CPU.ActiveCfg = Debug|Any CPU
		{810522CF-5AF7-4ACD-9948-C0DA70C78299}.Debug|Any CPU.Build.0 = Debug|Any CPU
		{810522CF-5AF7-4ACD-9948-C0DA70C78299}.Release|Any CPU.ActiveCfg = Release|Any CPU
		{810522CF-5AF7-4ACD-9948-C0DA70C78299}.Release|Any CPU.Build.0 = Release|Any CPU
	EndGlobalSection
	GlobalSection(SolutionProperties) = preSolution
		HideSolutionNode = FALSE
	EndGlobalSection
	GlobalSection(ExtensibilityGlobals) = postSolution
		SolutionGuid = {0031B7DC-0DE3-47CE-A7EB-E7B2574536DC}
	EndGlobalSection
EndGlobal
